
Microsoft Visual Studio Solution File, Format Version 12.00
# Visual Studio 15
VisualStudioVersion = 15.0.28307.421
MinimumVisualStudioVersion = 10.0.40219.1
Project("{8BC9CEB8-8B4A-11D0-8D11-00A0C91BC942}") = "day07-2", "day07-2\day07-2.vcxproj", "{9214C2E3-0B9B-40B5-AE3D-CEB2A8686875}"
EndProject
Global
	GlobalSection(SolutionConfigurationPlatforms) = preSolution
		Debug|x64 = Debug|x64
		Debug|x86 = Debug|x86
		Release|x64 = Release|x64
		Release|x86 = Release|x86
	EndGlobalSection
	GlobalSection(ProjectConfigurationPlatforms) = postSolution
		{9214C2E3-0B9B-40B5-AE3D-CEB2A8686875}.Debug|x64.ActiveCfg = Debug|x64
		{9214C2E3-0B9B-40B5-AE3D-CEB2A8686875}.Debug|x64.Build.0 = Debug|x64
		{9214C2E3-0B9B-40B5-AE3D-CEB2A8686875}.Debug|x86.ActiveCfg = Debug|Win32
		{9214C2E3-0B9B-40B5-AE3D-CEB2A8686875}.Debug|x86.Build.0 = Debug|Win32
		{9214C2E3-0B9B-40B5-AE3D-CEB2A8686875}.Release|x64.ActiveCfg = Release|x64
		{9214C2E3-0B9B-40B5-AE3D-CEB2A8686875}.Release|x64.Build.0 = Release|x64
		{9214C2E3-0B9B-40B5-AE3D-CEB2A8686875}.Release|x86.ActiveCfg = Release|Win32
		{9214C2E3-0B9B-40B5-AE3D-CEB2A8686875}.Release|x86.Build.0 = Release|Win32
	EndGlobalSection
	GlobalSection(SolutionProperties) = preSolution
		HideSolutionNode = FALSE
	EndGlobalSection
	GlobalSection(ExtensibilityGlobals) = postSolution
		SolutionGuid = {D9818D38-69A3-45FD-A7BD-709674EA5F14}
	EndGlobalSection
EndGlobal
